
Microsoft Visual Studio Solution File, Format Version 12.00
Project("{FAE04EC0-301F-11D3-BF4B-00C04F79EFBC}") = "Navigation", "Navigation\Navigation.csproj", "{4659A235-AD29-42BC-89B3-457005D498EB}"
EndProject
Project("{2150E333-8FDC-42A3-9474-1A3956D46DE8}") = "misc", "misc", "{FB23825C-9F6F-4325-9472-013A58ECF91E}"
ProjectSection(SolutionItems) = preProject
	build.ps1 = build.ps1
	build.sh = build.sh
	README.md = README.md
	backend.log = backend.log
EndProjectSection
EndProject
Project("{FAE04EC0-301F-11D3-BF4B-00C04F79EFBC}") = "Refactoring", "Refactoring\Refactoring.csproj", "{1115834D-CED4-427F-A989-E9BA423A1BB1}"
EndProject
Project("{FAE04EC0-301F-11D3-BF4B-00C04F79EFBC}") = "QFCA", "QFCA\QFCA.csproj", "{1ACFEE22-738E-4286-B02D-7E4D21B9C366}"
EndProject
Project("{FAE04EC0-301F-11D3-BF4B-00C04F79EFBC}") = "Assistance", "Assistance\Assistance.csproj", "{BA8DAA85-2780-4A2D-BCB5-99104B7034F2}"
EndProject
Global
	GlobalSection(SolutionConfigurationPlatforms) = preSolution
		Debug|Any CPU = Debug|Any CPU
		Release|Any CPU = Release|Any CPU
	EndGlobalSection
	GlobalSection(ProjectConfigurationPlatforms) = postSolution
		{4659A235-AD29-42BC-89B3-457005D498EB}.Debug|Any CPU.ActiveCfg = Debug|Any CPU
		{4659A235-AD29-42BC-89B3-457005D498EB}.Debug|Any CPU.Build.0 = Debug|Any CPU
		{4659A235-AD29-42BC-89B3-457005D498EB}.Release|Any CPU.ActiveCfg = Release|Any CPU
		{4659A235-AD29-42BC-89B3-457005D498EB}.Release|Any CPU.Build.0 = Release|Any CPU
		{1115834D-CED4-427F-A989-E9BA423A1BB1}.Debug|Any CPU.ActiveCfg = Debug|Any CPU
		{1115834D-CED4-427F-A989-E9BA423A1BB1}.Debug|Any CPU.Build.0 = Debug|Any CPU
		{1115834D-CED4-427F-A989-E9BA423A1BB1}.Release|Any CPU.ActiveCfg = Release|Any CPU
		{1115834D-CED4-427F-A989-E9BA423A1BB1}.Release|Any CPU.Build.0 = Release|Any CPU
		{1ACFEE22-738E-4286-B02D-7E4D21B9C366}.Debug|Any CPU.ActiveCfg = Debug|Any CPU
		{1ACFEE22-738E-4286-B02D-7E4D21B9C366}.Debug|Any CPU.Build.0 = Debug|Any CPU
		{1ACFEE22-738E-4286-B02D-7E4D21B9C366}.Release|Any CPU.ActiveCfg = Release|Any CPU
		{1ACFEE22-738E-4286-B02D-7E4D21B9C366}.Release|Any CPU.Build.0 = Release|Any CPU
		{BA8DAA85-2780-4A2D-BCB5-99104B7034F2}.Debug|Any CPU.ActiveCfg = Debug|Any CPU
		{BA8DAA85-2780-4A2D-BCB5-99104B7034F2}.Debug|Any CPU.Build.0 = Debug|Any CPU
		{BA8DAA85-2780-4A2D-BCB5-99104B7034F2}.Release|Any CPU.ActiveCfg = Release|Any CPU
		{BA8DAA85-2780-4A2D-BCB5-99104B7034F2}.Release|Any CPU.Build.0 = Release|Any CPU
	EndGlobalSection
EndGlobal
